
Microsoft Visual Studio Solution File, Format Version 12.00
# Visual Studio Version 17
VisualStudioVersion = 17.5.33424.131
MinimumVisualStudioVersion = 10.0.40219.1
Project("{FAE04EC0-301F-11D3-BF4B-00C04F79EFBC}") = "PsiService", "PsiService\PsiService.csproj", "{D5DB721D-F739-46D7-9CE8-3476F91C12C1}"
EndProject
Global
	GlobalSection(SolutionConfigurationPlatforms) = preSolution
		Debug|Any CPU = Debug|Any CPU
		Release|Any CPU = Release|Any CPU
	EndGlobalSection
	GlobalSection(ProjectConfigurationPlatforms) = postSolution
		{D5DB721D-F739-46D7-9CE8-3476F91C12C1}.Debug|Any CPU.ActiveCfg = Debug|Any CPU
		{D5DB721D-F739-46D7-9CE8-3476F91C12C1}.Debug|Any CPU.Build.0 = Debug|Any CPU
		{D5DB721D-F739-46D7-9CE8-3476F91C12C1}.Release|Any CPU.ActiveCfg = Release|Any CPU
		{D5DB721D-F739-46D7-9CE8-3476F91C12C1}.Release|Any CPU.Build.0 = Release|Any CPU
	EndGlobalSection
	GlobalSection(SolutionProperties) = preSolution
		HideSolutionNode = FALSE
	EndGlobalSection
	GlobalSection(ExtensibilityGlobals) = postSolution
		SolutionGuid = {76782C73-8B45-4115-A931-BA8C2ABB14F3}
	EndGlobalSection
EndGlobal
